
Microsoft Visual Studio Solution File, Format Version 12.00
# Visual Studio Version 16
VisualStudioVersion = 16.0.30804.86
MinimumVisualStudioVersion = 10.0.40219.1
Project("{9A19103F-16F7-4668-BE54-9A1E7A4F7556}") = "CarInfo", "CarInfo.csproj", "{F4AA4AEF-0BAA-4BD2-97FD-58FF38F75B53}"
EndProject
Global
	GlobalSection(SolutionConfigurationPlatforms) = preSolution
		Debug|Any CPU = Debug|Any CPU
		Release|Any CPU = Release|Any CPU
	EndGlobalSection
	GlobalSection(ProjectConfigurationPlatforms) = postSolution
		{F4AA4AEF-0BAA-4BD2-97FD-58FF38F75B53}.Debug|Any CPU.ActiveCfg = Debug|Any CPU
		{F4AA4AEF-0BAA-4BD2-97FD-58FF38F75B53}.Debug|Any CPU.Build.0 = Debug|Any CPU
		{F4AA4AEF-0BAA-4BD2-97FD-58FF38F75B53}.Release|Any CPU.ActiveCfg = Release|Any CPU
		{F4AA4AEF-0BAA-4BD2-97FD-58FF38F75B53}.Release|Any CPU.Build.0 = Release|Any CPU
	EndGlobalSection
	GlobalSection(SolutionProperties) = preSolution
		HideSolutionNode = FALSE
	EndGlobalSection
	GlobalSection(ExtensibilityGlobals) = postSolution
		SolutionGuid = {965083B3-74F9-4232-BE57-D6AF66F15889}
	EndGlobalSection
EndGlobal
